
Microsoft Visual Studio Solution File, Format Version 12.00
# Visual Studio Version 17
VisualStudioVersion = 17.14.36717.8
MinimumVisualStudioVersion = 10.0.40219.1
Project("{FAE04EC0-301F-11D3-BF4B-00C04F79EFBC}") = "Elyssa.PublicApi", "ApiElyssaV2\Elyssa.PublicApi.csproj", "{1786F3F4-896D-4601-AC0F-FB2D42CCEAB5}"
EndProject
Project("{FAE04EC0-301F-11D3-BF4B-00C04F79EFBC}") = "Core", "Core\Core.csproj", "{DBD7A551-F15F-46FC-BABB-65A04ADC5044}"
EndProject
Project("{FAE04EC0-301F-11D3-BF4B-00C04F79EFBC}") = "Infrastructure", "Infrastructure\Infrastructure.csproj", "{3967FEBF-7E0C-4EB6-87DE-36CF15F4232A}"
EndProject
Global
	GlobalSection(SolutionConfigurationPlatforms) = preSolution
		Debug|Any CPU = Debug|Any CPU
		Debug|x64 = Debug|x64
		Debug|x86 = Debug|x86
		Release|Any CPU = Release|Any CPU
		Release|x64 = Release|x64
		Release|x86 = Release|x86
	EndGlobalSection
	GlobalSection(ProjectConfigurationPlatforms) = postSolution
		{1786F3F4-896D-4601-AC0F-FB2D42CCEAB5}.Debug|Any CPU.ActiveCfg = Debug|Any CPU
		{1786F3F4-896D-4601-AC0F-FB2D42CCEAB5}.Debug|Any CPU.Build.0 = Debug|Any CPU
		{1786F3F4-896D-4601-AC0F-FB2D42CCEAB5}.Debug|x64.ActiveCfg = Debug|Any CPU
		{1786F3F4-896D-4601-AC0F-FB2D42CCEAB5}.Debug|x64.Build.0 = Debug|Any CPU
		{1786F3F4-896D-4601-AC0F-FB2D42CCEAB5}.Debug|x86.ActiveCfg = Debug|Any CPU
		{1786F3F4-896D-4601-AC0F-FB2D42CCEAB5}.Debug|x86.Build.0 = Debug|Any CPU
		{1786F3F4-896D-4601-AC0F-FB2D42CCEAB5}.Release|Any CPU.ActiveCfg = Release|Any CPU
		{1786F3F4-896D-4601-AC0F-FB2D42CCEAB5}.Release|Any CPU.Build.0 = Release|Any CPU
		{1786F3F4-896D-4601-AC0F-FB2D42CCEAB5}.Release|x64.ActiveCfg = Release|Any CPU
		{1786F3F4-896D-4601-AC0F-FB2D42CCEAB5}.Release|x64.Build.0 = Release|Any CPU
		{1786F3F4-896D-4601-AC0F-FB2D42CCEAB5}.Release|x86.ActiveCfg = Release|Any CPU
		{1786F3F4-896D-4601-AC0F-FB2D42CCEAB5}.Release|x86.Build.0 = Release|Any CPU
		{DBD7A551-F15F-46FC-BABB-65A04ADC5044}.Debug|Any CPU.ActiveCfg = Debug|Any CPU
		{DBD7A551-F15F-46FC-BABB-65A04ADC5044}.Debug|Any CPU.Build.0 = Debug|Any CPU
		{DBD7A551-F15F-46FC-BABB-65A04ADC5044}.Debug|x64.ActiveCfg = Debug|Any CPU
		{DBD7A551-F15F-46FC-BABB-65A04ADC5044}.Debug|x64.Build.0 = Debug|Any CPU
		{DBD7A551-F15F-46FC-BABB-65A04ADC5044}.Debug|x86.ActiveCfg = Debug|Any CPU
		{DBD7A551-F15F-46FC-BABB-65A04ADC5044}.Debug|x86.Build.0 = Debug|Any CPU
		{DBD7A551-F15F-46FC-BABB-65A04ADC5044}.Release|Any CPU.ActiveCfg = Release|Any CPU
		{DBD7A551-F15F-46FC-BABB-65A04ADC5044}.Release|Any CPU.Build.0 = Release|Any CPU
		{DBD7A551-F15F-46FC-BABB-65A04ADC5044}.Release|x64.ActiveCfg = Release|Any CPU
		{DBD7A551-F15F-46FC-BABB-65A04ADC5044}.Release|x64.Build.0 = Release|Any CPU
		{DBD7A551-F15F-46FC-BABB-65A04ADC5044}.Release|x86.ActiveCfg = Release|Any CPU
		{DBD7A551-F15F-46FC-BABB-65A04ADC5044}.Release|x86.Build.0 = Release|Any CPU
		{3967FEBF-7E0C-4EB6-87DE-36CF15F4232A}.Debug|Any CPU.ActiveCfg = Debug|Any CPU
		{3967FEBF-7E0C-4EB6-87DE-36CF15F4232A}.Debug|Any CPU.Build.0 = Debug|Any CPU
		{3967FEBF-7E0C-4EB6-87DE-36CF15F4232A}.Debug|x64.ActiveCfg = Debug|Any CPU
		{3967FEBF-7E0C-4EB6-87DE-36CF15F4232A}.Debug|x64.Build.0 = Debug|Any CPU
		{3967FEBF-7E0C-4EB6-87DE-36CF15F4232A}.Debug|x86.ActiveCfg = Debug|Any CPU
		{3967FEBF-7E0C-4EB6-87DE-36CF15F4232A}.Debug|x86.Build.0 = Debug|Any CPU
		{3967FEBF-7E0C-4EB6-87DE-36CF15F4232A}.Release|Any CPU.ActiveCfg = Release|Any CPU
		{3967FEBF-7E0C-4EB6-87DE-36CF15F4232A}.Release|Any CPU.Build.0 = Release|Any CPU
		{3967FEBF-7E0C-4EB6-87DE-36CF15F4232A}.Release|x64.ActiveCfg = Release|Any CPU
		{3967FEBF-7E0C-4EB6-87DE-36CF15F4232A}.Release|x64.Build.0 = Release|Any CPU
		{3967FEBF-7E0C-4EB6-87DE-36CF15F4232A}.Release|x86.ActiveCfg = Release|Any CPU
		{3967FEBF-7E0C-4EB6-87DE-36CF15F4232A}.Release|x86.Build.0 = Release|Any CPU
	EndGlobalSection
	GlobalSection(SolutionProperties) = preSolution
		HideSolutionNode = FALSE
	EndGlobalSection
	GlobalSection(ExtensibilityGlobals) = postSolution
		SolutionGuid = {ECBD61D6-67AD-4E8D-98F0-C77FB8BC8B19}
	EndGlobalSection
EndGlobal
